
Microsoft Visual Studio Solution File, Format Version 12.00
# Visual Studio Version 16
VisualStudioVersion = 16.0.29403.142
MinimumVisualStudioVersion = 10.0.40219.1
Project("{FAE04EC0-301F-11D3-BF4B-00C04F79EFBC}") = "RedisWithDotNetCore", "RedisWithDotNetCore\RedisWithDotNetCore.csproj", "{216B2AD0-5E2E-423A-8490-BF07247475A2}"
EndProject
Global
	GlobalSection(SolutionConfigurationPlatforms) = preSolution
		Debug|Any CPU = Debug|Any CPU
		Release|Any CPU = Release|Any CPU
	EndGlobalSection
	GlobalSection(ProjectConfigurationPlatforms) = postSolution
		{216B2AD0-5E2E-423A-8490-BF07247475A2}.Debug|Any CPU.ActiveCfg = Debug|Any CPU
		{216B2AD0-5E2E-423A-8490-BF07247475A2}.Debug|Any CPU.Build.0 = Debug|Any CPU
		{216B2AD0-5E2E-423A-8490-BF07247475A2}.Release|Any CPU.ActiveCfg = Release|Any CPU
		{216B2AD0-5E2E-423A-8490-BF07247475A2}.Release|Any CPU.Build.0 = Release|Any CPU
	EndGlobalSection
	GlobalSection(SolutionProperties) = preSolution
		HideSolutionNode = FALSE
	EndGlobalSection
	GlobalSection(ExtensibilityGlobals) = postSolution
		SolutionGuid = {4B52117D-05DE-4687-94F7-D02E3A40DC2F}
	EndGlobalSection
EndGlobal
